<?xml version="1.0" encoding="utf-8"?>
<Project ToolsVersion="4.0" xmlns="http://schemas.microsoft.com/developer/msbuild/2003">
  <ItemGroup>
    <Filter Include="src">
      <UniqueIdentifier>{fad37be8-3079-4c28-b7b0-7153de46b3f0}</UniqueIdentifier>
    </Filter>
    <Filter Include="assets">
      <UniqueIdentifier>{3bd53a04-51b4-4829-a691-3e6b2d1999c0}</UniqueIdentifier>
    </Filter>
    <Filter Include="src\System">
      <UniqueIdentifier>{9c4ed2b0-50a2-498a-a21d-2535990e3696}</UniqueIdentifier>
    </Filter>
    <Filter Include="src\Scene">
      <UniqueIdentifier>{19ba1175-5472-4113-9a42-054ff5678bc7}</UniqueIdentifier>
    </Filter>
  </ItemGroup>
  <ItemGroup>
    <ClCompile Include="src\main.cpp">
      <Filter>src</Filter>
    </ClCompile>
    <ClCompile Include="src\System\GameManager.cpp">
      <Filter>src\System</Filter>
    </ClCompile>
    <ClCompile Include="src\Scene\SceneManager.cpp">
      <Filter>src\Scene</Filter>
    </ClCompile>
    <ClCompile Include="src\Scene\TitleScene.cpp">
      <Filter>src\Scene</Filter>
    </ClCompile>
    <ClCompile Include="src\UI\Input.cpp" />
    <ClCompile Include="src\Graphic\Renderer.cpp" />
    <ClCompile Include="src\Scene\EndingScene.cpp" />
    <ClCompile Include="src\Scene\StoryScene.cpp" />
    <ClCompile Include="src\Scene\Scene.cpp" />
    <ClCompile Include="src\UI\TextInput.cpp" />
    <ClCompile Include="src\Story\StoryData.cpp" />
    <ClCompile Include="src\Story\StoryLoader.cpp" />
  </ItemGroup>
  <ItemGroup>
    <ClInclude Include="src\System\GameManager.h">
      <Filter>src\System</Filter>
    </ClInclude>
    <ClInclude Include="src\Scene\Scene.h">
      <Filter>src\Scene</Filter>
    </ClInclude>
    <ClInclude Include="src\Scene\SceneManager.h">
      <Filter>src\Scene</Filter>
    </ClInclude>
    <ClInclude Include="src\Scene\TitleScene.h">
      <Filter>src\Scene</Filter>
    </ClInclude>
    <ClInclude Include="src\UI\GameKey.h" />
    <ClInclude Include="src\UI\Input.h" />
    <ClInclude Include="src\Graphic\Renderer.h" />
    <ClInclude Include="src\GameConfig.h" />
    <ClInclude Include="src\GameMessage.h" />
    <ClInclude Include="src\Scene\SceneId.h" />
    <ClInclude Include="src\Scene\StoryScene.h" />
    <ClInclude Include="src\Scene\EndingScene.h" />
    <ClInclude Include="src\UI\TextInput.h" />
    <ClInclude Include="src\Scene\StoryState.h" />
    <ClInclude Include="src\Story\StoryData.h" />
    <ClInclude Include="src\Story\StoryLoader.h" />
  </ItemGroup>
</Project>